// !$*UTF8*$!
{
	archiveVersion = 1;
	classes = {
	};
	objectVersion = 46;
	objects = {

/* Begin PBXBuildFile section */
		BBDBC5D31D9FAC5700AE608D /* AppDelegate.swift in Sources */ = {isa = PBXBuildFile; fileRef = BBDBC5D21D9FAC5700AE608D /* AppDelegate.swift */; };
		BBDBC5D51D9FAC5700AE608D /* ViewController.swift in Sources */ = {isa = PBXBuildFile; fileRef = BBDBC5D41D9FAC5700AE608D /* ViewController.swift */; };
		BBDBC5D81D9FAC5700AE608D /* Main.storyboard in Resources */ = {isa = PBXBuildFile; fileRef = BBDBC5D61D9FAC5700AE608D /* Main.storyboard */; };
		BBDBC5DA1D9FAC5700AE608D /* Assets.xcassets in Resources */ = {isa = PBXBuildFile; fileRef = BBDBC5D91D9FAC5700AE608D /* Assets.xcassets */; };
		BBDBC5DD1D9FAC5700AE608D /* LaunchScreen.storyboard in Resources */ = {isa = PBXBuildFile; fileRef = BBDBC5DB1D9FAC5700AE608D /* LaunchScreen.storyboard */; };
		BBDBC5E51D9FAC7600AE608D /* FlickTransition.framework in Frameworks */ = {isa = PBXBuildFile; fileRef = BBDBC5E41D9FAC7600AE608D /* FlickTransition.framework */; };
		BBDBC5E61D9FAC7600AE608D /* FlickTransition.framework in Embed Frameworks */ = {isa = PBXBuildFile; fileRef = BBDBC5E41D9FAC7600AE608D /* FlickTransition.framework */; settings = {ATTRIBUTES = (CodeSignOnCopy, RemoveHeadersOnCopy, ); }; };
		BBDBC5E91D9FAD2700AE608D /* ViewverViewController.swift in Sources */ = {isa = PBXBuildFile; fileRef = BBDBC5E81D9FAD2700AE608D /* ViewverViewController.swift */; };
/* End PBXBuildFile section */

/* Begin PBXCopyFilesBuildPhase section */
		BBDBC5E71D9FAC7600AE608D /* Embed Frameworks */ = {
			isa = PBXCopyFilesBuildPhase;
			buildActionMask = 2147483647;
			dstPath = "";
			dstSubfolderSpec = 10;
			files = (
				BBDBC5E61D9FAC7600AE608D /* FlickTransition.framework in Embed Frameworks */,
			);
			name = "Embed Frameworks";
			runOnlyForDeploymentPostprocessing = 0;
		};
/* End PBXCopyFilesBuildPhase section */

/* Begin PBXFileReference section */
		BBDBC5CF1D9FAC5700AE608D /* Example.app */ = {isa = PBXFileReference; explicitFileType = wrapper.application; includeInIndex = 0; path = Example.app; sourceTree = BUILT_PRODUCTS_DIR; };
		BBDBC5D21D9FAC5700AE608D /* AppDelegate.swift */ = {isa = PBXFileReference; lastKnownFileType = sourcecode.swift; path = AppDelegate.swift; sourceTree = "<group>"; };
		BBDBC5D41D9FAC5700AE608D /* ViewController.swift */ = {isa = PBXFileReference; lastKnownFileType = sourcecode.swift; path = ViewController.swift; sourceTree = "<group>"; };
		BBDBC5D71D9FAC5700AE608D /* Base */ = {isa = PBXFileReference; lastKnownFileType = file.storyboard; name = Base; path = Base.lproj/Main.storyboard; sourceTree = "<group>"; };
		BBDBC5D91D9FAC5700AE608D /* Assets.xcassets */ = {isa = PBXFileReference; lastKnownFileType = folder.assetcatalog; path = Assets.xcassets; sourceTree = "<group>"; };
		BBDBC5DC1D9FAC5700AE608D /* Base */ = {isa = PBXFileReference; lastKnownFileType = file.storyboard; name = Base; path = Base.lproj/LaunchScreen.storyboard; sourceTree = "<group>"; };
		BBDBC5DE1D9FAC5700AE608D /* Info.plist */ = {isa = PBXFileReference; lastKnownFileType = text.plist.xml; path = Info.plist; sourceTree = "<group>"; };
		BBDBC5E41D9FAC7600AE608D /* FlickTransition.framework */ = {isa = PBXFileReference; explicitFileType = wrapper.framework; path = FlickTransition.framework; sourceTree = BUILT_PRODUCTS_DIR; };
		BBDBC5E81D9FAD2700AE608D /* ViewverViewController.swift */ = {isa = PBXFileReference; fileEncoding = 4; lastKnownFileType = sourcecode.swift; path = ViewverViewController.swift; sourceTree = "<group>"; };
/* End PBXFileReference section */

/* Begin PBXFrameworksBuildPhase section */
		BBDBC5CC1D9FAC5700AE608D /* Frameworks */ = {
			isa = PBXFrameworksBuildPhase;
			buildActionMask = 2147483647;
			files = (
				BBDBC5E51D9FAC7600AE608D /* FlickTransition.framework in Frameworks */,
			);
			runOnlyForDeploymentPostprocessing = 0;
		};
/* End PBXFrameworksBuildPhase section */

/* Begin PBXGroup section */
		BBDBC5C61D9FAC5700AE608D = {
			isa = PBXGroup;
			children = (
				BBDBC5E41D9FAC7600AE608D /* FlickTransition.framework */,
				BBDBC5D11D9FAC5700AE608D /* Example */,
				BBDBC5D01D9FAC5700AE608D /* Products */,
			);
			sourceTree = "<group>";
		};
		BBDBC5D01D9FAC5700AE608D /* Products */ = {
			isa = PBXGroup;
			children = (
				BBDBC5CF1D9FAC5700AE608D /* Example.app */,
			);
			name = Products;
			sourceTree = "<group>";
		};
		BBDBC5D11D9FAC5700AE608D /* Example */ = {
			isa = PBXGroup;
			children = (
				BBDBC5D21D9FAC5700AE608D /* AppDelegate.swift */,
				BBDBC5D41D9FAC5700AE608D /* ViewController.swift */,
				BBDBC5E81D9FAD2700AE608D /* ViewverViewController.swift */,
				BBDBC5D61D9FAC5700AE608D /* Main.storyboard */,
				BBDBC5D91D9FAC5700AE608D /* Assets.xcassets */,
				BBDBC5DB1D9FAC5700AE608D /* LaunchScreen.storyboard */,
				BBDBC5DE1D9FAC5700AE608D /* Info.plist */,
			);
			path = Example;
			sourceTree = "<group>";
		};
/* End PBXGroup section */

/* Begin PBXNativeTarget section */
		BBDBC5CE1D9FAC5700AE608D /* Example */ = {
			isa = PBXNativeTarget;
			buildConfigurationList = BBDBC5E11D9FAC5700AE608D /* Build configuration list for PBXNativeTarget "Example" */;
			buildPhases = (
				BBDBC5CB1D9FAC5700AE608D /* Sources */,
				BBDBC5CC1D9FAC5700AE608D /* Frameworks */,
				BBDBC5CD1D9FAC5700AE608D /* Resources */,
				BBDBC5E71D9FAC7600AE608D /* Embed Frameworks */,
			);
			buildRules = (
			);
			dependencies = (
			);
			name = Example;
			productName = Example;
			productReference = BBDBC5CF1D9FAC5700AE608D /* Example.app */;
			productType = "com.apple.product-type.application";
		};
/* End PBXNativeTarget section */

/* Begin PBXProject section */
		BBDBC5C71D9FAC5700AE608D /* Project object */ = {
			isa = PBXProject;
			attributes = {
				LastSwiftUpdateCheck = 0800;
				LastUpgradeCheck = 0800;
				ORGANIZATIONNAME = "Remi Robert";
				TargetAttributes = {
					BBDBC5CE1D9FAC5700AE608D = {
						CreatedOnToolsVersion = 8.0;
						DevelopmentTeam = 44Q2J6374R;
						ProvisioningStyle = Automatic;
					};
				};
			};
			buildConfigurationList = BBDBC5CA1D9FAC5700AE608D /* Build configuration list for PBXProject "Example" */;
			compatibilityVersion = "Xcode 3.2";
			developmentRegion = English;
			hasScannedForEncodings = 0;
			knownRegions = (
				en,
				Base,
			);
			mainGroup = BBDBC5C61D9FAC5700AE608D;
			productRefGroup = BBDBC5D01D9FAC5700AE608D /* Products */;
			projectDirPath = "";
			projectRoot = "";
			targets = (
				BBDBC5CE1D9FAC5700AE608D /* Example */,
			);
		};
/* End PBXProject section */

/* Begin PBXResourcesBuildPhase section */
		BBDBC5CD1D9FAC5700AE608D /* Resources */ = {
			isa = PBXResourcesBuildPhase;
			buildActionMask = 2147483647;
			files = (
				BBDBC5DD1D9FAC5700AE608D /* LaunchScreen.storyboard in Resources */,
				BBDBC5DA1D9FAC5700AE608D /* Assets.xcassets in Resources */,
				BBDBC5D81D9FAC5700AE608D /* Main.storyboard in Resources */,
			);
			runOnlyForDeploymentPostprocessing = 0;
		};
/* End PBXResourcesBuildPhase section */

/* Begin PBXSourcesBuildPhase section */
		BBDBC5CB1D9FAC5700AE608D /* Sources */ = {
			isa = PBXSourcesBuildPhase;
			buildActionMask = 2147483647;
			files = (
				BBDBC5D51D9FAC5700AE608D /* ViewController.swift in Sources */,
				BBDBC5D31D9FAC5700AE608D /* AppDelegate.swift in Sources */,
				BBDBC5E91D9FAD2700AE608D /* ViewverViewController.swift in Sources */,
			);
			runOnlyForDeploymentPostprocessing = 0;
		};
/* End PBXSourcesBuildPhase section */

/* Begin PBXVariantGroup section */
		BBDBC5D61D9FAC5700AE608D /* Main.storyboard */ = {
			isa = PBXVariantGroup;
			children = (
				BBDBC5D71D9FAC5700AE608D /* Base */,
			);
			name = Main.storyboard;
			sourceTree = "<group>";
		};
		BBDBC5DB1D9FAC5700AE608D /* LaunchScreen.storyboard */ = {
			isa = PBXVariantGroup;
			children = (
				BBDBC5DC1D9FAC5700AE608D /* Base */,
			);
			name = LaunchScreen.storyboard;
			sourceTree = "<group>";
		};
/* End PBXVariantGroup section */

/* Begin XCBuildConfiguration section */
		BBDBC5DF1D9FAC5700AE608D /* Debug */ = {
			isa = XCBuildConfiguration;
			buildSettings = {
				ALWAYS_SEARCH_USER_PATHS = NO;
				CLANG_ANALYZER_NONNULL = YES;
				CLANG_CXX_LANGUAGE_STANDARD = "gnu++0x";
				CLANG_CXX_LIBRARY = "libc++";
				CLANG_ENABLE_MODULES = YES;
				CLANG_ENABLE_OBJC_ARC = YES;
				CLANG_WARN_BOOL_CONVERSION = YES;
				CLANG_WARN_CONSTANT_CONVERSION = YES;
				CLANG_WARN_DIRECT_OBJC_ISA_USAGE = YES_ERROR;
				CLANG_WARN_DOCUMENTATION_COMMENTS = YES;
				CLANG_WARN_EMPTY_BODY = YES;
				CLANG_WARN_ENUM_CONVERSION = YES;
				CLANG_WARN_INFINITE_RECURSION = YES;
				CLANG_WARN_INT_CONVERSION = YES;
				CLANG_WARN_OBJC_ROOT_CLASS = YES_ERROR;
				CLANG_WARN_SUSPICIOUS_MOVES = YES;
				CLANG_WARN_UNREACHABLE_CODE = YES;
				CLANG_WARN__DUPLICATE_METHOD_MATCH = YES;
				"CODE_SIGN_IDENTITY[sdk=iphoneos*]" = "iPhone Developer";
				COPY_PHASE_STRIP = NO;
				DEBUG_INFORMATION_FORMAT = dwarf;
				ENABLE_STRICT_OBJC_MSGSEND = YES;
				ENABLE_TESTABILITY = YES;
				GCC_C_LANGUAGE_STANDARD = gnu99;
				GCC_DYNAMIC_NO_PIC = NO;
				GCC_NO_COMMON_BLOCKS = YES;
				GCC_OPTIMIZATION_LEVEL = 0;
				GCC_PREPROCESSOR_DEFINITIONS = (
					"DEBUG=1",
					"$(inherited)",
				);
				GCC_WARN_64_TO_32_BIT_CONVERSION = YES;
				GCC_WARN_ABOUT_RETURN_TYPE = YES_ERROR;
				GCC_WARN_UNDECLARED_SELECTOR = YES;
				GCC_WARN_UNINITIALIZED_AUTOS = YES_AGGRESSIVE;
				GCC_WARN_UNUSED_FUNCTION = YES;
				GCC_WARN_UNUSED_VARIABLE = YES;
				IPHONEOS_DEPLOYMENT_TARGET = 10.0;
				MTL_ENABLE_DEBUG_INFO = YES;
				ONLY_ACTIVE_ARCH = YES;
				SDKROOT = iphoneos;
				SWIFT_ACTIVE_COMPILATION_CONDITIONS = DEBUG;
				SWIFT_OPTIMIZATION_LEVEL = "-Onone";
				TARGETED_DEVICE_FAMILY = "1,2";
			};
			name = Debug;
		};
		BBDBC5E01D9FAC5700AE608D /* Release */ = {
			isa = XCBuildConfiguration;
			buildSettings = {
				ALWAYS_SEARCH_USER_PATHS = NO;
				CLANG_ANALYZER_NONNULL = YES;
				CLANG_CXX_LANGUAGE_STANDARD = "gnu++0x";
				CLANG_CXX_LIBRARY = "libc++";
				CLANG_ENABLE_MODULES = YES;
				CLANG_ENABLE_OBJC_ARC = YES;
				CLANG_WARN_BOOL_CONVERSION = YES;
				CLANG_WARN_CONSTANT_CONVERSION = YES;
				CLANG_WARN_DIRECT_OBJC_ISA_USAGE = YES_ERROR;
				CLANG_WARN_DOCUMENTATION_COMMENTS = YES;
				CLANG_WARN_EMPTY_BODY = YES;
				CLANG_WARN_ENUM_CONVERSION = YES;
				CLANG_WARN_INFINITE_RECURSION = YES;
				CLANG_WARN_INT_CONVERSION = YES;
				CLANG_WARN_OBJC_ROOT_CLASS = YES_ERROR;
				CLANG_WARN_SUSPICIOUS_MOVES = YES;
				CLANG_WARN_UNREACHABLE_CODE = YES;
				CLANG_WARN__DUPLICATE_METHOD_MATCH = YES;
				"CODE_SIGN_IDENTITY[sdk=iphoneos*]" = "iPhone Developer";
				COPY_PHASE_STRIP = NO;
				DEBUG_INFORMATION_FORMAT = "dwarf-with-dsym";
				ENABLE_NS_ASSERTIONS = NO;
				ENABLE_STRICT_OBJC_MSGSEND = YES;
				GCC_C_LANGUAGE_STANDARD = gnu99;
				GCC_NO_COMMON_BLOCKS = YES;
				GCC_WARN_64_TO_32_BIT_CONVERSION = YES;
				GCC_WARN_ABOUT_RETURN_TYPE = YES_ERROR;
				GCC_WARN_UNDECLARED_SELECTOR = YES;
				GCC_WARN_UNINITIALIZED_AUTOS = YES_AGGRESSIVE;
				GCC_WARN_UNUSED_FUNCTION = YES;
				GCC_WARN_UNUSED_VARIABLE = YES;
				IPHONEOS_DEPLOYMENT_TARGET = 10.0;
				MTL_ENABLE_DEBUG_INFO = NO;
				SDKROOT = iphoneos;
				SWIFT_OPTIMIZATION_LEVEL = "-Owholemodule";
				TARGETED_DEVICE_FAMILY = "1,2";
				VALIDATE_PRODUCT = YES;
			};
			name = Release;
		};
		BBDBC5E21D9FAC5700AE608D /* Debug */ = {
			isa = XCBuildConfiguration;
			buildSettings = {
				ASSETCATALOG_COMPILER_APPICON_NAME = AppIcon;
				DEVELOPMENT_TEAM = 44Q2J6374R;
				INFOPLIST_FILE = Example/Info.plist;
				LD_RUNPATH_SEARCH_PATHS = "$(inherited) @executable_path/Frameworks";
				PRODUCT_BUNDLE_IDENTIFIER = remi.robert.Example;
				PRODUCT_NAME = "$(TARGET_NAME)";
				SWIFT_VERSION = 3.0;
			};
			name = Debug;
		};
		BBDBC5E31D9FAC5700AE608D /* Release */ = {
			isa = XCBuildConfiguration;
			buildSettings = {
				ASSETCATALOG_COMPILER_APPICON_NAME = AppIcon;
				DEVELOPMENT_TEAM = 44Q2J6374R;
				INFOPLIST_FILE = Example/Info.plist;
				LD_RUNPATH_SEARCH_PATHS = "$(inherited) @executable_path/Frameworks";
				PRODUCT_BUNDLE_IDENTIFIER = remi.robert.Example;
				PRODUCT_NAME = "$(TARGET_NAME)";
				SWIFT_VERSION = 3.0;
			};
			name = Release;
		};
/* End XCBuildConfiguration section */

/* Begin XCConfigurationList section */
		BBDBC5CA1D9FAC5700AE608D /* Build configuration list for PBXProject "Example" */ = {
			isa = XCConfigurationList;
			buildConfigurations = (
				BBDBC5DF1D9FAC5700AE608D /* Debug */,
				BBDBC5E01D9FAC5700AE608D /* Release */,
			);
			defaultConfigurationIsVisible = 0;
			defaultConfigurationName = Release;
		};
		BBDBC5E11D9FAC5700AE608D /* Build configuration list for PBXNativeTarget "Example" */ = {
			isa = XCConfigurationList;
			buildConfigurations = (
				BBDBC5E21D9FAC5700AE608D /* Debug */,
				BBDBC5E31D9FAC5700AE608D /* Release */,
			);
			defaultConfigurationIsVisible = 0;
		};
/* End XCConfigurationList section */
	};
	rootObject = BBDBC5C71D9FAC5700AE608D /* Project object */;
}
